
Microsoft Visual Studio Solution File, Format Version 12.00
# Visual Studio Version 16
VisualStudioVersion = 16.0.31205.134
MinimumVisualStudioVersion = 10.0.40219.1
Project("{FAE04EC0-301F-11D3-BF4B-00C04F79EFBC}") = "Assignment", "Assignment\Assignment.csproj", "{2FFE205D-1B32-4A03-AB01-8D724463020C}"
EndProject
Global
	GlobalSection(SolutionConfigurationPlatforms) = preSolution
		Debug|Any CPU = Debug|Any CPU
		Release|Any CPU = Release|Any CPU
	EndGlobalSection
	GlobalSection(ProjectConfigurationPlatforms) = postSolution
		{2FFE205D-1B32-4A03-AB01-8D724463020C}.Debug|Any CPU.ActiveCfg = Debug|Any CPU
		{2FFE205D-1B32-4A03-AB01-8D724463020C}.Debug|Any CPU.Build.0 = Debug|Any CPU
		{2FFE205D-1B32-4A03-AB01-8D724463020C}.Release|Any CPU.ActiveCfg = Release|Any CPU
		{2FFE205D-1B32-4A03-AB01-8D724463020C}.Release|Any CPU.Build.0 = Release|Any CPU
	EndGlobalSection
	GlobalSection(SolutionProperties) = preSolution
		HideSolutionNode = FALSE
	EndGlobalSection
	GlobalSection(ExtensibilityGlobals) = postSolution
		SolutionGuid = {62D82544-389A-4204-886F-1CE53C1BBBAE}
	EndGlobalSection
EndGlobal
